
Microsoft Visual Studio Solution File, Format Version 12.00
# Visual Studio Version 17
VisualStudioVersion = 17.2.32630.192
MinimumVisualStudioVersion = 10.0.40219.1
Project("{9A19103F-16F7-4668-BE54-9A1E7A4F7556}") = "Portal", "Portal\Portal.csproj", "{9E8008AA-963A-488F-A753-7D52EDF7763C}"
EndProject
Project("{FAE04EC0-301F-11D3-BF4B-00C04F79EFBC}") = "DisasterUnitTest", "DisasterUnitTest\DisasterUnitTest.csproj", "{8571A403-6AA6-47D9-9F34-09BFF8D18D94}"
EndProject
Global
	GlobalSection(SolutionConfigurationPlatforms) = preSolution
		Debug|Any CPU = Debug|Any CPU
		Release|Any CPU = Release|Any CPU
	EndGlobalSection
	GlobalSection(ProjectConfigurationPlatforms) = postSolution
		{9E8008AA-963A-488F-A753-7D52EDF7763C}.Debug|Any CPU.ActiveCfg = Debug|Any CPU
		{9E8008AA-963A-488F-A753-7D52EDF7763C}.Debug|Any CPU.Build.0 = Debug|Any CPU
		{9E8008AA-963A-488F-A753-7D52EDF7763C}.Release|Any CPU.ActiveCfg = Release|Any CPU
		{9E8008AA-963A-488F-A753-7D52EDF7763C}.Release|Any CPU.Build.0 = Release|Any CPU
		{8571A403-6AA6-47D9-9F34-09BFF8D18D94}.Debug|Any CPU.ActiveCfg = Debug|Any CPU
		{8571A403-6AA6-47D9-9F34-09BFF8D18D94}.Debug|Any CPU.Build.0 = Debug|Any CPU
		{8571A403-6AA6-47D9-9F34-09BFF8D18D94}.Release|Any CPU.ActiveCfg = Release|Any CPU
		{8571A403-6AA6-47D9-9F34-09BFF8D18D94}.Release|Any CPU.Build.0 = Release|Any CPU
	EndGlobalSection
	GlobalSection(SolutionProperties) = preSolution
		HideSolutionNode = FALSE
	EndGlobalSection
	GlobalSection(ExtensibilityGlobals) = postSolution
		SolutionGuid = {5782451C-6F7F-46B4-8D60-43B361A8A8EE}
	EndGlobalSection
EndGlobal
